// !$*UTF8*$!
{
	archiveVersion = 1;
	classes = {
	};
	objectVersion = 48;
	objects = {

/* Begin PBXBuildFile section */
		1835D3C51F878F1200DDEB97 /* AppDelegate.swift in Sources */ = {isa = PBXBuildFile; fileRef = 1835D3C41F878F1200DDEB97 /* AppDelegate.swift */; };
		1835D3C71F878F1200DDEB97 /* ViewController.swift in Sources */ = {isa = PBXBuildFile; fileRef = 1835D3C61F878F1200DDEB97 /* ViewController.swift */; };
		1835D3CA1F878F1200DDEB97 /* Main.storyboard in Resources */ = {isa = PBXBuildFile; fileRef = 1835D3C81F878F1200DDEB97 /* Main.storyboard */; };
		1835D3CC1F878F1200DDEB97 /* Assets.xcassets in Resources */ = {isa = PBXBuildFile; fileRef = 1835D3CB1F878F1200DDEB97 /* Assets.xcassets */; };
		1835D3CF1F878F1200DDEB97 /* LaunchScreen.storyboard in Resources */ = {isa = PBXBuildFile; fileRef = 1835D3CD1F878F1200DDEB97 /* LaunchScreen.storyboard */; };
/* End PBXBuildFile section */

/* Begin PBXFileReference section */
		1835D3C11F878F1100DDEB97 /* SampleSocketOneToOne.app */ = {isa = PBXFileReference; explicitFileType = wrapper.application; includeInIndex = 0; path = SampleSocketOneToOne.app; sourceTree = BUILT_PRODUCTS_DIR; };
		1835D3C41F878F1200DDEB97 /* AppDelegate.swift */ = {isa = PBXFileReference; lastKnownFileType = sourcecode.swift; path = AppDelegate.swift; sourceTree = "<group>"; };
		1835D3C61F878F1200DDEB97 /* ViewController.swift */ = {isa = PBXFileReference; lastKnownFileType = sourcecode.swift; path = ViewController.swift; sourceTree = "<group>"; };
		1835D3C91F878F1200DDEB97 /* Base */ = {isa = PBXFileReference; lastKnownFileType = file.storyboard; name = Base; path = Base.lproj/Main.storyboard; sourceTree = "<group>"; };
		1835D3CB1F878F1200DDEB97 /* Assets.xcassets */ = {isa = PBXFileReference; lastKnownFileType = folder.assetcatalog; path = Assets.xcassets; sourceTree = "<group>"; };
		1835D3CE1F878F1200DDEB97 /* Base */ = {isa = PBXFileReference; lastKnownFileType = file.storyboard; name = Base; path = Base.lproj/LaunchScreen.storyboard; sourceTree = "<group>"; };
		1835D3D01F878F1200DDEB97 /* Info.plist */ = {isa = PBXFileReference; lastKnownFileType = text.plist.xml; path = Info.plist; sourceTree = "<group>"; };
/* End PBXFileReference section */

/* Begin PBXFrameworksBuildPhase section */
		1835D3BE1F878F1100DDEB97 /* Frameworks */ = {
			isa = PBXFrameworksBuildPhase;
			buildActionMask = 2147483647;
			files = (
			);
			runOnlyForDeploymentPostprocessing = 0;
		};
/* End PBXFrameworksBuildPhase section */

/* Begin PBXGroup section */
		1835D3B81F878F1100DDEB97 = {
			isa = PBXGroup;
			children = (
				1835D3C31F878F1100DDEB97 /* SampleSocketOneToOne */,
				1835D3C21F878F1100DDEB97 /* Products */,
			);
			sourceTree = "<group>";
		};
		1835D3C21F878F1100DDEB97 /* Products */ = {
			isa = PBXGroup;
			children = (
				1835D3C11F878F1100DDEB97 /* SampleSocketOneToOne.app */,
			);
			name = Products;
			sourceTree = "<group>";
		};
		1835D3C31F878F1100DDEB97 /* SampleSocketOneToOne */ = {
			isa = PBXGroup;
			children = (
				1835D3C41F878F1200DDEB97 /* AppDelegate.swift */,
				1835D3C61F878F1200DDEB97 /* ViewController.swift */,
				1835D3C81F878F1200DDEB97 /* Main.storyboard */,
				1835D3CB1F878F1200DDEB97 /* Assets.xcassets */,
				1835D3CD1F878F1200DDEB97 /* LaunchScreen.storyboard */,
				1835D3D01F878F1200DDEB97 /* Info.plist */,
			);
			path = SampleSocketOneToOne;
			sourceTree = "<group>";
		};
/* End PBXGroup section */

/* Begin PBXNativeTarget section */
		1835D3C01F878F1100DDEB97 /* SampleSocketOneToOne */ = {
			isa = PBXNativeTarget;
			buildConfigurationList = 1835D3D31F878F1200DDEB97 /* Build configuration list for PBXNativeTarget "SampleSocketOneToOne" */;
			buildPhases = (
				1835D3BD1F878F1100DDEB97 /* Sources */,
				1835D3BE1F878F1100DDEB97 /* Frameworks */,
				1835D3BF1F878F1100DDEB97 /* Resources */,
			);
			buildRules = (
			);
			dependencies = (
			);
			name = SampleSocketOneToOne;
			productName = SampleSocketOneToOne;
			productReference = 1835D3C11F878F1100DDEB97 /* SampleSocketOneToOne.app */;
			productType = "com.apple.product-type.application";
		};
/* End PBXNativeTarget section */

/* Begin PBXProject section */
		1835D3B91F878F1100DDEB97 /* Project object */ = {
			isa = PBXProject;
			attributes = {
				LastSwiftUpdateCheck = 0900;
				LastUpgradeCheck = 0900;
				ORGANIZATIONNAME = apple;
				TargetAttributes = {
					1835D3C01F878F1100DDEB97 = {
						CreatedOnToolsVersion = 9.0;
						ProvisioningStyle = Automatic;
					};
				};
			};
			buildConfigurationList = 1835D3BC1F878F1100DDEB97 /* Build configuration list for PBXProject "SampleSocketOneToOne" */;
			compatibilityVersion = "Xcode 8.0";
			developmentRegion = en;
			hasScannedForEncodings = 0;
			knownRegions = (
				en,
				Base,
			);
			mainGroup = 1835D3B81F878F1100DDEB97;
			productRefGroup = 1835D3C21F878F1100DDEB97 /* Products */;
			projectDirPath = "";
			projectRoot = "";
			targets = (
				1835D3C01F878F1100DDEB97 /* SampleSocketOneToOne */,
			);
		};
/* End PBXProject section */

/* Begin PBXResourcesBuildPhase section */
		1835D3BF1F878F1100DDEB97 /* Resources */ = {
			isa = PBXResourcesBuildPhase;
			buildActionMask = 2147483647;
			files = (
				1835D3CF1F878F1200DDEB97 /* LaunchScreen.storyboard in Resources */,
				1835D3CC1F878F1200DDEB97 /* Assets.xcassets in Resources */,
				1835D3CA1F878F1200DDEB97 /* Main.storyboard in Resources */,
			);
			runOnlyForDeploymentPostprocessing = 0;
		};
/* End PBXResourcesBuildPhase section */

/* Begin PBXSourcesBuildPhase section */
		1835D3BD1F878F1100DDEB97 /* Sources */ = {
			isa = PBXSourcesBuildPhase;
			buildActionMask = 2147483647;
			files = (
				1835D3C71F878F1200DDEB97 /* ViewController.swift in Sources */,
				1835D3C51F878F1200DDEB97 /* AppDelegate.swift in Sources */,
			);
			runOnlyForDeploymentPostprocessing = 0;
		};
/* End PBXSourcesBuildPhase section */

/* Begin PBXVariantGroup section */
		1835D3C81F878F1200DDEB97 /* Main.storyboard */ = {
			isa = PBXVariantGroup;
			children = (
				1835D3C91F878F1200DDEB97 /* Base */,
			);
			name = Main.storyboard;
			sourceTree = "<group>";
		};
		1835D3CD1F878F1200DDEB97 /* LaunchScreen.storyboard */ = {
			isa = PBXVariantGroup;
			children = (
				1835D3CE1F878F1200DDEB97 /* Base */,
			);
			name = LaunchScreen.storyboard;
			sourceTree = "<group>";
		};
/* End PBXVariantGroup section */

/* Begin XCBuildConfiguration section */
		1835D3D11F878F1200DDEB97 /* Debug */ = {
			isa = XCBuildConfiguration;
			buildSettings = {
				ALWAYS_SEARCH_USER_PATHS = NO;
				CLANG_ANALYZER_NONNULL = YES;
				CLANG_ANALYZER_NUMBER_OBJECT_CONVERSION = YES_AGGRESSIVE;
				CLANG_CXX_LANGUAGE_STANDARD = "gnu++14";
				CLANG_CXX_LIBRARY = "libc++";
				CLANG_ENABLE_MODULES = YES;
				CLANG_ENABLE_OBJC_ARC = YES;
				CLANG_WARN_BLOCK_CAPTURE_AUTORELEASING = YES;
				CLANG_WARN_BOOL_CONVERSION = YES;
				CLANG_WARN_COMMA = YES;
				CLANG_WARN_CONSTANT_CONVERSION = YES;
				CLANG_WARN_DIRECT_OBJC_ISA_USAGE = YES_ERROR;
				CLANG_WARN_DOCUMENTATION_COMMENTS = YES;
				CLANG_WARN_EMPTY_BODY = YES;
				CLANG_WARN_ENUM_CONVERSION = YES;
				CLANG_WARN_INFINITE_RECURSION = YES;
				CLANG_WARN_INT_CONVERSION = YES;
				CLANG_WARN_NON_LITERAL_NULL_CONVERSION = YES;
				CLANG_WARN_OBJC_LITERAL_CONVERSION = YES;
				CLANG_WARN_OBJC_ROOT_CLASS = YES_ERROR;
				CLANG_WARN_RANGE_LOOP_ANALYSIS = YES;
				CLANG_WARN_STRICT_PROTOTYPES = YES;
				CLANG_WARN_SUSPICIOUS_MOVE = YES;
				CLANG_WARN_UNGUARDED_AVAILABILITY = YES_AGGRESSIVE;
				CLANG_WARN_UNREACHABLE_CODE = YES;
				CLANG_WARN__DUPLICATE_METHOD_MATCH = YES;
				CODE_SIGN_IDENTITY = "iPhone Developer";
				COPY_PHASE_STRIP = NO;
				DEBUG_INFORMATION_FORMAT = dwarf;
				ENABLE_STRICT_OBJC_MSGSEND = YES;
				ENABLE_TESTABILITY = YES;
				GCC_C_LANGUAGE_STANDARD = gnu11;
				GCC_DYNAMIC_NO_PIC = NO;
				GCC_NO_COMMON_BLOCKS = YES;
				GCC_OPTIMIZATION_LEVEL = 0;
				GCC_PREPROCESSOR_DEFINITIONS = (
					"DEBUG=1",
					"$(inherited)",
				);
				GCC_WARN_64_TO_32_BIT_CONVERSION = YES;
				GCC_WARN_ABOUT_RETURN_TYPE = YES_ERROR;
				GCC_WARN_UNDECLARED_SELECTOR = YES;
				GCC_WARN_UNINITIALIZED_AUTOS = YES_AGGRESSIVE;
				GCC_WARN_UNUSED_FUNCTION = YES;
				GCC_WARN_UNUSED_VARIABLE = YES;
				IPHONEOS_DEPLOYMENT_TARGET = 11.0;
				MTL_ENABLE_DEBUG_INFO = YES;
				ONLY_ACTIVE_ARCH = YES;
				SDKROOT = iphoneos;
				SWIFT_ACTIVE_COMPILATION_CONDITIONS = DEBUG;
				SWIFT_OPTIMIZATION_LEVEL = "-Onone";
			};
			name = Debug;
		};
		1835D3D21F878F1200DDEB97 /* Release */ = {
			isa = XCBuildConfiguration;
			buildSettings = {
				ALWAYS_SEARCH_USER_PATHS = NO;
				CLANG_ANALYZER_NONNULL = YES;
				CLANG_ANALYZER_NUMBER_OBJECT_CONVERSION = YES_AGGRESSIVE;
				CLANG_CXX_LANGUAGE_STANDARD = "gnu++14";
				CLANG_CXX_LIBRARY = "libc++";
				CLANG_ENABLE_MODULES = YES;
				CLANG_ENABLE_OBJC_ARC = YES;
				CLANG_WARN_BLOCK_CAPTURE_AUTORELEASING = YES;
				CLANG_WARN_BOOL_CONVERSION = YES;
				CLANG_WARN_COMMA = YES;
				CLANG_WARN_CONSTANT_CONVERSION = YES;
				CLANG_WARN_DIRECT_OBJC_ISA_USAGE = YES_ERROR;
				CLANG_WARN_DOCUMENTATION_COMMENTS = YES;
				CLANG_WARN_EMPTY_BODY = YES;
				CLANG_WARN_ENUM_CONVERSION = YES;
				CLANG_WARN_INFINITE_RECURSION = YES;
				CLANG_WARN_INT_CONVERSION = YES;
				CLANG_WARN_NON_LITERAL_NULL_CONVERSION = YES;
				CLANG_WARN_OBJC_LITERAL_CONVERSION = YES;
				CLANG_WARN_OBJC_ROOT_CLASS = YES_ERROR;
				CLANG_WARN_RANGE_LOOP_ANALYSIS = YES;
				CLANG_WARN_STRICT_PROTOTYPES = YES;
				CLANG_WARN_SUSPICIOUS_MOVE = YES;
				CLANG_WARN_UNGUARDED_AVAILABILITY = YES_AGGRESSIVE;
				CLANG_WARN_UNREACHABLE_CODE = YES;
				CLANG_WARN__DUPLICATE_METHOD_MATCH = YES;
				CODE_SIGN_IDENTITY = "iPhone Developer";
				COPY_PHASE_STRIP = NO;
				DEBUG_INFORMATION_FORMAT = "dwarf-with-dsym";
				ENABLE_NS_ASSERTIONS = NO;
				ENABLE_STRICT_OBJC_MSGSEND = YES;
				GCC_C_LANGUAGE_STANDARD = gnu11;
				GCC_NO_COMMON_BLOCKS = YES;
				GCC_WARN_64_TO_32_BIT_CONVERSION = YES;
				GCC_WARN_ABOUT_RETURN_TYPE = YES_ERROR;
				GCC_WARN_UNDECLARED_SELECTOR = YES;
				GCC_WARN_UNINITIALIZED_AUTOS = YES_AGGRESSIVE;
				GCC_WARN_UNUSED_FUNCTION = YES;
				GCC_WARN_UNUSED_VARIABLE = YES;
				IPHONEOS_DEPLOYMENT_TARGET = 11.0;
				MTL_ENABLE_DEBUG_INFO = NO;
				SDKROOT = iphoneos;
				SWIFT_OPTIMIZATION_LEVEL = "-Owholemodule";
				VALIDATE_PRODUCT = YES;
			};
			name = Release;
		};
		1835D3D41F878F1200DDEB97 /* Debug */ = {
			isa = XCBuildConfiguration;
			buildSettings = {
				ASSETCATALOG_COMPILER_APPICON_NAME = AppIcon;
				CODE_SIGN_STYLE = Automatic;
				INFOPLIST_FILE = SampleSocketOneToOne/Info.plist;
				LD_RUNPATH_SEARCH_PATHS = "$(inherited) @executable_path/Frameworks";
				PRODUCT_BUNDLE_IDENTIFIER = sample.sodio.SampleSocketOneToOne;
				PRODUCT_NAME = "$(TARGET_NAME)";
				SWIFT_VERSION = 4.0;
				TARGETED_DEVICE_FAMILY = "1,2";
			};
			name = Debug;
		};
		1835D3D51F878F1200DDEB97 /* Release */ = {
			isa = XCBuildConfiguration;
			buildSettings = {
				ASSETCATALOG_COMPILER_APPICON_NAME = AppIcon;
				CODE_SIGN_STYLE = Automatic;
				INFOPLIST_FILE = SampleSocketOneToOne/Info.plist;
				LD_RUNPATH_SEARCH_PATHS = "$(inherited) @executable_path/Frameworks";
				PRODUCT_BUNDLE_IDENTIFIER = sample.sodio.SampleSocketOneToOne;
				PRODUCT_NAME = "$(TARGET_NAME)";
				SWIFT_VERSION = 4.0;
				TARGETED_DEVICE_FAMILY = "1,2";
			};
			name = Release;
		};
/* End XCBuildConfiguration section */

/* Begin XCConfigurationList section */
		1835D3BC1F878F1100DDEB97 /* Build configuration list for PBXProject "SampleSocketOneToOne" */ = {
			isa = XCConfigurationList;
			buildConfigurations = (
				1835D3D11F878F1200DDEB97 /* Debug */,
				1835D3D21F878F1200DDEB97 /* Release */,
			);
			defaultConfigurationIsVisible = 0;
			defaultConfigurationName = Release;
		};
		1835D3D31F878F1200DDEB97 /* Build configuration list for PBXNativeTarget "SampleSocketOneToOne" */ = {
			isa = XCConfigurationList;
			buildConfigurations = (
				1835D3D41F878F1200DDEB97 /* Debug */,
				1835D3D51F878F1200DDEB97 /* Release */,
			);
			defaultConfigurationIsVisible = 0;
			defaultConfigurationName = Release;
		};
/* End XCConfigurationList section */
	};
	rootObject = 1835D3B91F878F1100DDEB97 /* Project object */;
}
